<?xml version="1.0" encoding="utf-8"?>
<Project ToolsVersion="4.0" xmlns="http://schemas.microsoft.com/developer/msbuild/2003">
  <ItemGroup>
    <Filter Include="ソース ファイル">
      <UniqueIdentifier>{4FC737F1-C7A5-4376-A066-2A32D752A2FF}</UniqueIdentifier>
      <Extensions>cpp;c;cc;cxx;def;odl;idl;hpj;bat;asm;asmx</Extensions>
    </Filter>
    <Filter Include="ソース ファイル\SYSTEM">
      <UniqueIdentifier>{188586ad-3818-4e68-816a-e6427b522bc6}</UniqueIdentifier>
    </Filter>
    <Filter Include="ヘッダー ファイル">
      <UniqueIdentifier>{93995380-89BD-4b04-88EB-625FBE52EBFB}</UniqueIdentifier>
      <Extensions>h;hpp;hxx;hm;inl;inc;xsd</Extensions>
    </Filter>
    <Filter Include="リソース ファイル">
      <UniqueIdentifier>{67DA6AB6-F800-4c08-8B7A-83BB121AAD01}</UniqueIdentifier>
      <Extensions>rc;ico;cur;bmp;dlg;rc2;rct;bin;rgs;gif;jpg;jpeg;jpe;resx;tiff;tif;png;wav</Extensions>
    </Filter>
    <Filter Include="シェーダー">
      <UniqueIdentifier>{5fc7559b-c141-4ecd-b664-927ab910afda}</UniqueIdentifier>
    </Filter>
    <Filter Include="IEX">
      <UniqueIdentifier>{38fbec0a-1dc8-4967-afe0-3a6584026b2f}</UniqueIdentifier>
    </Filter>
    <Filter Include="ソース ファイル\Camera">
      <UniqueIdentifier>{8b651f56-31d6-4b4e-a7a8-c2c61a9284d0}</UniqueIdentifier>
    </Filter>
    <Filter Include="ソース ファイル\Collision">
      <UniqueIdentifier>{524e60df-a20b-48dd-b8e2-2fad2d28ad16}</UniqueIdentifier>
    </Filter>
    <Filter Include="ソース ファイル\Effect">
      <UniqueIdentifier>{f3ef00f9-872e-4d25-b8e2-c67cd4837de8}</UniqueIdentifier>
    </Filter>
    <Filter Include="ソース ファイル\Scene">
      <UniqueIdentifier>{1d0177fd-aed1-4f98-98b0-c23288247fb8}</UniqueIdentifier>
    </Filter>
    <Filter Include="ソース ファイル\Scene\sceneTitle">
      <UniqueIdentifier>{d873ab43-879e-43f8-ae9f-ea2fa81fda5f}</UniqueIdentifier>
    </Filter>
    <Filter Include="ソース ファイル\Coin">
      <UniqueIdentifier>{3d981c01-8457-49d1-875e-ba75f9bfe0b6}</UniqueIdentifier>
    </Filter>
    <Filter Include="ソース ファイル\CoinManager">
      <UniqueIdentifier>{145f3211-faa1-43c9-a180-0cf476617846}</UniqueIdentifier>
    </Filter>
    <Filter Include="ソース ファイル\GlobalFunction">
      <UniqueIdentifier>{8e799579-24e9-427f-b7b7-ff56950440aa}</UniqueIdentifier>
    </Filter>
    <Filter Include="ソース ファイル\Scene\sceneResult">
      <UniqueIdentifier>{4e1cd947-8df4-4b09-8285-72f3aa39d98a}</UniqueIdentifier>
    </Filter>
    <Filter Include="ソース ファイル\UI">
      <UniqueIdentifier>{8bfcff3e-bf09-4fbe-aec7-8ba91636777e}</UniqueIdentifier>
    </Filter>
    <Filter Include="ソース ファイル\GameManager">
      <UniqueIdentifier>{ef95c7b5-3a14-4bc5-81a4-bfa87c427341}</UniqueIdentifier>
    </Filter>
    <Filter Include="ソース ファイル\Bullet">
      <UniqueIdentifier>{ab27c35f-3def-44fa-b507-427aed3b3f42}</UniqueIdentifier>
    </Filter>
    <Filter Include="ソース ファイル\BulletManager">
      <UniqueIdentifier>{06e234ff-76bf-4d07-a702-8f484e153871}</UniqueIdentifier>
    </Filter>
    <Filter Include="ソース ファイル\Scene\sceneMain">
      <UniqueIdentifier>{cc606a43-d8db-4916-9d6a-efc4d1b60c3c}</UniqueIdentifier>
    </Filter>
    <Filter Include="ソース ファイル\Scene\sceneLoad">
      <UniqueIdentifier>{6896f326-e1c2-4544-b66e-034745faaa30}</UniqueIdentifier>
    </Filter>
    <Filter Include="ソース ファイル\ItemManager">
      <UniqueIdentifier>{110c6fa5-d8c4-433a-b7e6-8c154514a95a}</UniqueIdentifier>
    </Filter>
    <Filter Include="ソース ファイル\Sound">
      <UniqueIdentifier>{f3a21433-5c02-47a5-bea7-dd91966fb579}</UniqueIdentifier>
    </Filter>
    <Filter Include="ソース ファイル\Random">
      <UniqueIdentifier>{edb363f6-17c9-459b-8385-297173254a45}</UniqueIdentifier>
    </Filter>
    <Filter Include="ソース ファイル\Object">
      <UniqueIdentifier>{a811ecd6-664b-4d75-a307-5625a0fefc09}</UniqueIdentifier>
    </Filter>
    <Filter Include="ソース ファイル\CharacterManager">
      <UniqueIdentifier>{74b3ff91-d37d-4bfa-852d-0b78ebbe2c00}</UniqueIdentifier>
    </Filter>
    <Filter Include="ソース ファイル\Character">
      <UniqueIdentifier>{a760acd8-28be-4a80-ad31-f0e5b34a6045}</UniqueIdentifier>
    </Filter>
    <Filter Include="ソース ファイル\Character\Knight">
      <UniqueIdentifier>{23f38452-a546-4242-9994-7c9a0c912d49}</UniqueIdentifier>
    </Filter>
    <Filter Include="ソース ファイル\Character\Princess">
      <UniqueIdentifier>{a568f097-eb5b-4fbb-ad6c-cc2d8dd5590e}</UniqueIdentifier>
    </Filter>
    <Filter Include="ソース ファイル\Character\Tiger">
      <UniqueIdentifier>{54bb7012-1b08-4ac4-9e49-4ae0504e3b86}</UniqueIdentifier>
    </Filter>
    <Filter Include="ソース ファイル\Character\Squirrel">
      <UniqueIdentifier>{d6922f6c-6433-4278-8f52-686ad5a188ed}</UniqueIdentifier>
    </Filter>
    <Filter Include="ソース ファイル\Character\BaseChara">
      <UniqueIdentifier>{513e19ed-cf76-423a-87ab-7fdb7a3e9588}</UniqueIdentifier>
    </Filter>
    <Filter Include="ソース ファイル\Character\CPU">
      <UniqueIdentifier>{5a435e47-5bc7-4298-becf-504a8199a2d5}</UniqueIdentifier>
    </Filter>
    <Filter Include="ソース ファイル\Character\CPU\Knight">
      <UniqueIdentifier>{ce4359e8-afaf-409f-a4ce-c8cefc8a6aa9}</UniqueIdentifier>
    </Filter>
    <Filter Include="ソース ファイル\Character\CPU\Princess">
      <UniqueIdentifier>{6cbea11b-6ac9-46c6-87bf-05a573ce2bcb}</UniqueIdentifier>
    </Filter>
    <Filter Include="ソース ファイル\Character\CPU\Tiger">
      <UniqueIdentifier>{69615b52-f60d-4a3f-a992-91ddf0368256}</UniqueIdentifier>
    </Filter>
    <Filter Include="ソース ファイル\Character\CPU\Squirrel">
      <UniqueIdentifier>{218a895b-aa0f-4c4f-91ea-995c036980d1}</UniqueIdentifier>
    </Filter>
    <Filter Include="ソース ファイル\Screen">
      <UniqueIdentifier>{f549f8e3-6aa3-4b3c-b46d-dd5693a58522}</UniqueIdentifier>
    </Filter>
    <Filter Include="ソース ファイル\EventManager">
      <UniqueIdentifier>{b3b0d18b-79b1-4ba7-9e23-b152e0b6ef51}</UniqueIdentifier>
    </Filter>
    <Filter Include="ソース ファイル\TextLoader">
      <UniqueIdentifier>{de03cd3a-a7c0-4add-b2fd-7771cd946f2f}</UniqueIdentifier>
    </Filter>
    <Filter Include="ソース ファイル\Scene\sceneMenu">
      <UniqueIdentifier>{6ceac51d-2266-4cc7-af1b-738f2d2e6708}</UniqueIdentifier>
    </Filter>
    <Filter Include="ソース ファイル\ItemManager\Item">
      <UniqueIdentifier>{6b7c4bd1-1fe5-4d77-a789-faba6e1d73a5}</UniqueIdentifier>
    </Filter>
    <Filter Include="ソース ファイル\Script">
      <UniqueIdentifier>{6dfcd678-2542-4f1b-be0c-8df2244cbbb4}</UniqueIdentifier>
    </Filter>
    <Filter Include="ソース ファイル\Character\Scavenger">
      <UniqueIdentifier>{f6a394bf-ca63-4e47-b44b-eae8ce1167d9}</UniqueIdentifier>
    </Filter>
    <Filter Include="ソース ファイル\Character\CPU\Scavenger">
      <UniqueIdentifier>{8feb653d-2c22-40b1-bb1c-be5238976c9b}</UniqueIdentifier>
    </Filter>
  </ItemGroup>
  <ItemGroup>
    <ClCompile Include="source\system\Framework.cpp">
      <Filter>ソース ファイル\SYSTEM</Filter>
    </ClCompile>
    <ClCompile Include="source\system\System.cpp">
      <Filter>ソース ファイル\SYSTEM</Filter>
    </ClCompile>
    <ClCompile Include="source\system\WinMain.cpp">
      <Filter>ソース ファイル\SYSTEM</Filter>
    </ClCompile>
    <ClCompile Include="IEX\IEX_2DObject.cpp">
      <Filter>IEX</Filter>
    </ClCompile>
    <ClCompile Include="IEX\IEX_3DObject.cpp">
      <Filter>IEX</Filter>
    </ClCompile>
    <ClCompile Include="IEX\IEX_Audio.cpp">
      <Filter>IEX</Filter>
    </ClCompile>
    <ClCompile Include="IEX\IEX_Direct3D.cpp">
      <Filter>IEX</Filter>
    </ClCompile>
    <ClCompile Include="IEX\IEX_Input.cpp">
      <Filter>IEX</Filter>
    </ClCompile>
    <ClCompile Include="IEX\IEX_Light.cpp">
      <Filter>IEX</Filter>
    </ClCompile>
    <ClCompile Include="IEX\IEX_Math.cpp">
      <Filter>IEX</Filter>
    </ClCompile>
    <ClCompile Include="IEX\IEX_Mesh.cpp">
      <Filter>IEX</Filter>
    </ClCompile>
    <ClCompile Include="IEX\IEX_Particle.cpp">
      <Filter>IEX</Filter>
    </ClCompile>
    <ClCompile Include="IEX\IEX_Polygon.cpp">
      <Filter>IEX</Filter>
    </ClCompile>
    <ClCompile Include="IEX\IEX_RenderState.cpp">
      <Filter>IEX</Filter>
    </ClCompile>
    <ClCompile Include="IEX\IEX_Shader.cpp">
      <Filter>IEX</Filter>
    </ClCompile>
    <ClCompile Include="IEX\IEX_SkinMesh.cpp">
      <Filter>IEX</Filter>
    </ClCompile>
    <ClCompile Include="IEX\IEX_System.cpp">
      <Filter>IEX</Filter>
    </ClCompile>
    <ClCompile Include="IEX\IEX_Texture.cpp">
      <Filter>IEX</Filter>
    </ClCompile>
    <ClCompile Include="IEX\IEX_View.cpp">
      <Filter>IEX</Filter>
    </ClCompile>
    <ClCompile Include="source\sceneMain.cpp">
      <Filter>ソース ファイル\Scene\sceneMain</Filter>
    </ClCompile>
    <ClCompile Include="source\Camera.cpp">
      <Filter>ソース ファイル\Camera</Filter>
    </ClCompile>
    <ClCompile Include="source\Collision.cpp">
      <Filter>ソース ファイル\Collision</Filter>
    </ClCompile>
    <ClCompile Include="source\Particle.cpp">
      <Filter>ソース ファイル\Effect</Filter>
    </ClCompile>
    <ClCompile Include="source\sceneTitle.cpp">
      <Filter>ソース ファイル\Scene\sceneTitle</Filter>
    </ClCompile>
    <ClCompile Include="source\Coin.cpp">
      <Filter>ソース ファイル\Coin</Filter>
    </ClCompile>
    <ClCompile Include="source\CoinManager.cpp">
      <Filter>ソース ファイル\CoinManager</Filter>
    </ClCompile>
    <ClCompile Include="source\GlobalFunction.cpp">
      <Filter>ソース ファイル\GlobalFunction</Filter>
    </ClCompile>
    <ClCompile Include="source\sceneResult.cpp">
      <Filter>ソース ファイル\Scene\sceneResult</Filter>
    </ClCompile>
    <ClCompile Include="source\UI.cpp">
      <Filter>ソース ファイル\UI</Filter>
    </ClCompile>
    <ClCompile Include="source\GameManager.cpp">
      <Filter>ソース ファイル\GameManager</Filter>
    </ClCompile>
    <ClCompile Include="source\Bullet.cpp">
      <Filter>ソース ファイル\Bullet</Filter>
    </ClCompile>
    <ClCompile Include="source\BulletManager.cpp">
      <Filter>ソース ファイル\BulletManager</Filter>
    </ClCompile>
    <ClCompile Include="source\sceneLoad.cpp">
      <Filter>ソース ファイル\Scene\sceneLoad</Filter>
    </ClCompile>
    <ClCompile Include="source\Effect.cpp">
      <Filter>ソース ファイル\Effect</Filter>
    </ClCompile>
    <ClCompile Include="source\Item.cpp">
      <Filter>ソース ファイル\ItemManager\Item</Filter>
    </ClCompile>
    <ClCompile Include="source\ItemManager.cpp">
      <Filter>ソース ファイル\ItemManager</Filter>
    </ClCompile>
    <ClCompile Include="source\Sound.cpp">
      <Filter>ソース ファイル\Sound</Filter>
    </ClCompile>
    <ClCompile Include="source\Random.cpp">
      <Filter>ソース ファイル\Random</Filter>
    </ClCompile>
    <ClCompile Include="source\Object.cpp">
      <Filter>ソース ファイル\Object</Filter>
    </ClCompile>
    <ClCompile Include="source\Screen.cpp">
      <Filter>ソース ファイル\Screen</Filter>
    </ClCompile>
    <ClCompile Include="source\BaseChara.cpp">
      <Filter>ソース ファイル\Character\BaseChara</Filter>
    </ClCompile>
    <ClCompile Include="source\CharacterManager.cpp">
      <Filter>ソース ファイル\CharacterManager</Filter>
    </ClCompile>
    <ClCompile Include="source\Knight.cpp">
      <Filter>ソース ファイル\Character\Knight</Filter>
    </ClCompile>
    <ClCompile Include="source\Princess.cpp">
      <Filter>ソース ファイル\Character\Princess</Filter>
    </ClCompile>
    <ClCompile Include="source\Tiger.cpp">
      <Filter>ソース ファイル\Character\Tiger</Filter>
    </ClCompile>
    <ClCompile Include="source\Squirrel.cpp">
      <Filter>ソース ファイル\Character\Squirrel</Filter>
    </ClCompile>
    <ClCompile Include="source\Knight_CPU.cpp">
      <Filter>ソース ファイル\Character\CPU\Knight</Filter>
    </ClCompile>
    <ClCompile Include="source\Princess_CPU.cpp">
      <Filter>ソース ファイル\Character\CPU\Princess</Filter>
    </ClCompile>
    <ClCompile Include="source\Tiger_CPU.cpp">
      <Filter>ソース ファイル\Character\CPU\Tiger</Filter>
    </ClCompile>
    <ClCompile Include="source\Squirrel_CPU.cpp">
      <Filter>ソース ファイル\Character\CPU\Squirrel</Filter>
    </ClCompile>
    <ClCompile Include="source\EventManager.cpp">
      <Filter>ソース ファイル\EventManager</Filter>
    </ClCompile>
    <ClCompile Include="source\textLoader.cpp">
      <Filter>ソース ファイル\TextLoader</Filter>
    </ClCompile>
    <ClCompile Include="source\sceneMenu.cpp">
      <Filter>ソース ファイル\Scene\sceneMenu</Filter>
    </ClCompile>
    <ClCompile Include="source\Script.cpp">
      <Filter>ソース ファイル\Script</Filter>
    </ClCompile>
    <ClCompile Include="source\Scavenger.cpp">
      <Filter>ソース ファイル\Character\Scavenger</Filter>
    </ClCompile>
    <ClCompile Include="source\Scavenger_CPU.cpp">
      <Filter>ソース ファイル\Character\CPU\Scavenger</Filter>
    </ClCompile>
  </ItemGroup>
  <ItemGroup>
    <ClInclude Include="source\system\Framework.h">
      <Filter>ヘッダー ファイル</Filter>
    </ClInclude>
    <ClInclude Include="source\system\Scene.h">
      <Filter>ヘッダー ファイル</Filter>
    </ClInclude>
    <ClInclude Include="source\system\System.h">
      <Filter>ヘッダー ファイル</Filter>
    </ClInclude>
    <ClInclude Include="IEX\iextreme.h">
      <Filter>IEX</Filter>
    </ClInclude>
    <ClInclude Include="source\Camera.h">
      <Filter>ソース ファイル\Camera</Filter>
    </ClInclude>
    <ClInclude Include="source\Collision.h">
      <Filter>ソース ファイル\Collision</Filter>
    </ClInclude>
    <ClInclude Include="source\Particle.h">
      <Filter>ソース ファイル\Effect</Filter>
    </ClInclude>
    <ClInclude Include="source\sceneTitle.h">
      <Filter>ソース ファイル\Scene\sceneTitle</Filter>
    </ClInclude>
    <ClInclude Include="source\Coin.h">
      <Filter>ソース ファイル\Coin</Filter>
    </ClInclude>
    <ClInclude Include="source\CoinManager.h">
      <Filter>ソース ファイル\CoinManager</Filter>
    </ClInclude>
    <ClInclude Include="source\sceneMain.h">
      <Filter>ソース ファイル\Scene\sceneMain</Filter>
    </ClInclude>
    <ClInclude Include="source\GlobalFunction.h">
      <Filter>ソース ファイル\GlobalFunction</Filter>
    </ClInclude>
    <ClInclude Include="source\sceneResult.h">
      <Filter>ソース ファイル\Scene\sceneResult</Filter>
    </ClInclude>
    <ClInclude Include="source\UI.h">
      <Filter>ソース ファイル\UI</Filter>
    </ClInclude>
    <ClInclude Include="source\GameManager.h">
      <Filter>ソース ファイル\GameManager</Filter>
    </ClInclude>
    <ClInclude Include="source\Bullet.h">
      <Filter>ソース ファイル\Bullet</Filter>
    </ClInclude>
    <ClInclude Include="source\BulletManager.h">
      <Filter>ソース ファイル\BulletManager</Filter>
    </ClInclude>
    <ClInclude Include="source\sceneLoad.h">
      <Filter>ソース ファイル\Scene\sceneLoad</Filter>
    </ClInclude>
    <ClInclude Include="source\Effect.h">
      <Filter>ソース ファイル\Effect</Filter>
    </ClInclude>
    <ClInclude Include="source\Item.h">
      <Filter>ソース ファイル\ItemManager\Item</Filter>
    </ClInclude>
    <ClInclude Include="source\ItemManager.h">
      <Filter>ソース ファイル\ItemManager</Filter>
    </ClInclude>
    <ClInclude Include="source\Sound.h">
      <Filter>ソース ファイル\Sound</Filter>
    </ClInclude>
    <ClInclude Include="source\Random.h">
      <Filter>ソース ファイル\Random</Filter>
    </ClInclude>
    <ClInclude Include="source\Object.h">
      <Filter>ソース ファイル\Object</Filter>
    </ClInclude>
    <ClInclude Include="source\Screen.h">
      <Filter>ソース ファイル\Screen</Filter>
    </ClInclude>
    <ClInclude Include="source\BaseChara.h">
      <Filter>ソース ファイル\Character\BaseChara</Filter>
    </ClInclude>
    <ClInclude Include="source\CharacterManager.h">
      <Filter>ソース ファイル\CharacterManager</Filter>
    </ClInclude>
    <ClInclude Include="source\Knight.h">
      <Filter>ソース ファイル\Character\Knight</Filter>
    </ClInclude>
    <ClInclude Include="source\Princess.h">
      <Filter>ソース ファイル\Character\Princess</Filter>
    </ClInclude>
    <ClInclude Include="source\Tiger.h">
      <Filter>ソース ファイル\Character\Tiger</Filter>
    </ClInclude>
    <ClInclude Include="source\Squirrel.h">
      <Filter>ソース ファイル\Character\Squirrel</Filter>
    </ClInclude>
    <ClInclude Include="source\Knight_CPU.h">
      <Filter>ソース ファイル\Character\CPU\Knight</Filter>
    </ClInclude>
    <ClInclude Include="source\Princess_CPU.h">
      <Filter>ソース ファイル\Character\CPU\Princess</Filter>
    </ClInclude>
    <ClInclude Include="source\Tiger_CPU.h">
      <Filter>ソース ファイル\Character\CPU\Tiger</Filter>
    </ClInclude>
    <ClInclude Include="source\Squirrel_CPU.h">
      <Filter>ソース ファイル\Character\CPU\Squirrel</Filter>
    </ClInclude>
    <ClInclude Include="source\EventManager.h">
      <Filter>ソース ファイル\EventManager</Filter>
    </ClInclude>
    <ClInclude Include="source\textLoader.h">
      <Filter>ソース ファイル\TextLoader</Filter>
    </ClInclude>
    <ClInclude Include="source\sceneMenu.h">
      <Filter>ソース ファイル\Scene\sceneMenu</Filter>
    </ClInclude>
    <ClInclude Include="source\Script.h">
      <Filter>ソース ファイル\Script</Filter>
    </ClInclude>
    <ClInclude Include="source\Scavenger.h">
      <Filter>ソース ファイル\Character\Scavenger</Filter>
    </ClInclude>
    <ClInclude Include="source\Scavenger_CPU.h">
      <Filter>ソース ファイル\Character\CPU\Scavenger</Filter>
    </ClInclude>
  </ItemGroup>
  <ItemGroup>
    <None Include="DATA\Shader\2D.fx">
      <Filter>シェーダー</Filter>
    </None>
  </ItemGroup>
  <ItemGroup>
    <CustomBuild Include="DATA\Shader\3DEx.fx">
      <Filter>シェーダー</Filter>
    </CustomBuild>
  </ItemGroup>
  <ItemGroup>
    <FxCompile Include="DATA\Shader\Differed.fx">
      <Filter>シェーダー</Filter>
    </FxCompile>
    <FxCompile Include="DATA\Shader\Shader2D.fx">
      <Filter>シェーダー</Filter>
    </FxCompile>
    <FxCompile Include="DATA\Shader\Shader3D.fx">
      <Filter>シェーダー</Filter>
    </FxCompile>
    <FxCompile Include="DATA\Shader\shadow.fx">
      <Filter>シェーダー</Filter>
    </FxCompile>
  </ItemGroup>
</Project>