
Microsoft Visual Studio Solution File, Format Version 11.00
# Visual Studio 2010
Project("{8BC9CEB8-8B4A-11D0-8D11-00A0C91BC942}") = "IEX2010", "IEX2010.vcxproj", "{C9433152-1C2D-4F56-9C7A-1FBCA2E5D65F}"
EndProject
Global
	GlobalSection(SolutionConfigurationPlatforms) = preSolution
		Debug|Win32 = Debug|Win32
		Release|Win32 = Release|Win32
	EndGlobalSection
	GlobalSection(ProjectConfigurationPlatforms) = postSolution
		{C9433152-1C2D-4F56-9C7A-1FBCA2E5D65F}.Debug|Win32.ActiveCfg = Debug|Win32
		{C9433152-1C2D-4F56-9C7A-1FBCA2E5D65F}.Debug|Win32.Build.0 = Debug|Win32
		{C9433152-1C2D-4F56-9C7A-1FBCA2E5D65F}.Release|Win32.ActiveCfg = Release|Win32
		{C9433152-1C2D-4F56-9C7A-1FBCA2E5D65F}.Release|Win32.Build.0 = Release|Win32
	EndGlobalSection
	GlobalSection(SolutionProperties) = preSolution
		HideSolutionNode = FALSE
	EndGlobalSection
EndGlobal
