<?xml version="1.0" encoding="utf-8"?>
<Project ToolsVersion="4.0" xmlns="http://schemas.microsoft.com/developer/msbuild/2003">
  <ItemGroup>
    <Filter Include="ソース ファイル">
      <UniqueIdentifier>{4FC737F1-C7A5-4376-A066-2A32D752A2FF}</UniqueIdentifier>
      <Extensions>cpp;c;cc;cxx;def;odl;idl;hpj;bat;asm;asmx</Extensions>
    </Filter>
    <Filter Include="ソース ファイル\SYSTEM">
      <UniqueIdentifier>{188586ad-3818-4e68-816a-e6427b522bc6}</UniqueIdentifier>
    </Filter>
    <Filter Include="ヘッダー ファイル">
      <UniqueIdentifier>{93995380-89BD-4b04-88EB-625FBE52EBFB}</UniqueIdentifier>
      <Extensions>h;hpp;hxx;hm;inl;inc;xsd</Extensions>
    </Filter>
    <Filter Include="リソース ファイル">
      <UniqueIdentifier>{67DA6AB6-F800-4c08-8B7A-83BB121AAD01}</UniqueIdentifier>
      <Extensions>rc;ico;cur;bmp;dlg;rc2;rct;bin;rgs;gif;jpg;jpeg;jpe;resx;tiff;tif;png;wav</Extensions>
    </Filter>
    <Filter Include="シェーダー">
      <UniqueIdentifier>{5fc7559b-c141-4ecd-b664-927ab910afda}</UniqueIdentifier>
    </Filter>
    <Filter Include="IEX">
      <UniqueIdentifier>{38fbec0a-1dc8-4967-afe0-3a6584026b2f}</UniqueIdentifier>
    </Filter>
    <Filter Include="ソース ファイル\Player">
      <UniqueIdentifier>{42712adf-649b-4e76-82f0-c0174ed1fd2f}</UniqueIdentifier>
    </Filter>
    <Filter Include="ソース ファイル\Camera">
      <UniqueIdentifier>{8b651f56-31d6-4b4e-a7a8-c2c61a9284d0}</UniqueIdentifier>
    </Filter>
    <Filter Include="ソース ファイル\Collision">
      <UniqueIdentifier>{524e60df-a20b-48dd-b8e2-2fad2d28ad16}</UniqueIdentifier>
    </Filter>
    <Filter Include="ソース ファイル\PlayerManager">
      <UniqueIdentifier>{8f63f319-104a-400f-b24b-8ef9d8ff1674}</UniqueIdentifier>
    </Filter>
    <Filter Include="ソース ファイル\Effect">
      <UniqueIdentifier>{f3ef00f9-872e-4d25-b8e2-c67cd4837de8}</UniqueIdentifier>
    </Filter>
    <Filter Include="ソース ファイル\Scene">
      <UniqueIdentifier>{1d0177fd-aed1-4f98-98b0-c23288247fb8}</UniqueIdentifier>
    </Filter>
    <Filter Include="ソース ファイル\Scene\sceneTitle">
      <UniqueIdentifier>{d873ab43-879e-43f8-ae9f-ea2fa81fda5f}</UniqueIdentifier>
    </Filter>
    <Filter Include="ソース ファイル\Coin">
      <UniqueIdentifier>{3d981c01-8457-49d1-875e-ba75f9bfe0b6}</UniqueIdentifier>
    </Filter>
    <Filter Include="ソース ファイル\CoinManager">
      <UniqueIdentifier>{145f3211-faa1-43c9-a180-0cf476617846}</UniqueIdentifier>
    </Filter>
    <Filter Include="ソース ファイル\GlobalFunction">
      <UniqueIdentifier>{8e799579-24e9-427f-b7b7-ff56950440aa}</UniqueIdentifier>
    </Filter>
    <Filter Include="ソース ファイル\Player\Player">
      <UniqueIdentifier>{8c405ba8-5fef-44a1-8cb7-21eeafd65dcf}</UniqueIdentifier>
    </Filter>
    <Filter Include="ソース ファイル\Scene\sceneResult">
      <UniqueIdentifier>{4e1cd947-8df4-4b09-8285-72f3aa39d98a}</UniqueIdentifier>
    </Filter>
    <Filter Include="ソース ファイル\UI">
      <UniqueIdentifier>{8bfcff3e-bf09-4fbe-aec7-8ba91636777e}</UniqueIdentifier>
    </Filter>
    <Filter Include="ソース ファイル\GameManager">
      <UniqueIdentifier>{ef95c7b5-3a14-4bc5-81a4-bfa87c427341}</UniqueIdentifier>
    </Filter>
    <Filter Include="ソース ファイル\Player\Squirrel">
      <UniqueIdentifier>{3d62d4f6-76a8-41b3-9af3-c44914c1aceb}</UniqueIdentifier>
    </Filter>
    <Filter Include="ソース ファイル\Bullet">
      <UniqueIdentifier>{ab27c35f-3def-44fa-b507-427aed3b3f42}</UniqueIdentifier>
    </Filter>
    <Filter Include="ソース ファイル\BulletManager">
      <UniqueIdentifier>{06e234ff-76bf-4d07-a702-8f484e153871}</UniqueIdentifier>
    </Filter>
    <Filter Include="ソース ファイル\Player\Knight">
      <UniqueIdentifier>{2ac1b34f-a140-4426-ad12-bad920e92a94}</UniqueIdentifier>
    </Filter>
    <Filter Include="ソース ファイル\Scene\sceneMain">
      <UniqueIdentifier>{cc606a43-d8db-4916-9d6a-efc4d1b60c3c}</UniqueIdentifier>
    </Filter>
    <Filter Include="ソース ファイル\Scene\sceneLoad">
      <UniqueIdentifier>{6896f326-e1c2-4544-b66e-034745faaa30}</UniqueIdentifier>
    </Filter>
    <Filter Include="ソース ファイル\Player\Princess">
      <UniqueIdentifier>{7d3f933e-27f2-451e-b24c-c7fcbdb2403e}</UniqueIdentifier>
    </Filter>
    <Filter Include="ソース ファイル\Player\Tiger">
      <UniqueIdentifier>{4523eb51-1621-4eed-ab81-350487aedf33}</UniqueIdentifier>
    </Filter>
    <Filter Include="ソース ファイル\Image">
      <UniqueIdentifier>{31dd35c2-2fa3-45d4-bd41-b6b09747246e}</UniqueIdentifier>
    </Filter>
    <Filter Include="ソース ファイル\Item">
      <UniqueIdentifier>{6b7c4bd1-1fe5-4d77-a789-faba6e1d73a5}</UniqueIdentifier>
    </Filter>
    <Filter Include="ソース ファイル\ItemManager">
      <UniqueIdentifier>{110c6fa5-d8c4-433a-b7e6-8c154514a95a}</UniqueIdentifier>
    </Filter>
    <Filter Include="ソース ファイル\Sound">
      <UniqueIdentifier>{f3a21433-5c02-47a5-bea7-dd91966fb579}</UniqueIdentifier>
    </Filter>
    <Filter Include="ソース ファイル\Random">
      <UniqueIdentifier>{edb363f6-17c9-459b-8385-297173254a45}</UniqueIdentifier>
    </Filter>
  </ItemGroup>
  <ItemGroup>
    <ClCompile Include="source\system\Framework.cpp">
      <Filter>ソース ファイル\SYSTEM</Filter>
    </ClCompile>
    <ClCompile Include="source\system\System.cpp">
      <Filter>ソース ファイル\SYSTEM</Filter>
    </ClCompile>
    <ClCompile Include="source\system\WinMain.cpp">
      <Filter>ソース ファイル\SYSTEM</Filter>
    </ClCompile>
    <ClCompile Include="IEX\IEX_2DObject.cpp">
      <Filter>IEX</Filter>
    </ClCompile>
    <ClCompile Include="IEX\IEX_3DObject.cpp">
      <Filter>IEX</Filter>
    </ClCompile>
    <ClCompile Include="IEX\IEX_Audio.cpp">
      <Filter>IEX</Filter>
    </ClCompile>
    <ClCompile Include="IEX\IEX_Direct3D.cpp">
      <Filter>IEX</Filter>
    </ClCompile>
    <ClCompile Include="IEX\IEX_Input.cpp">
      <Filter>IEX</Filter>
    </ClCompile>
    <ClCompile Include="IEX\IEX_Light.cpp">
      <Filter>IEX</Filter>
    </ClCompile>
    <ClCompile Include="IEX\IEX_Math.cpp">
      <Filter>IEX</Filter>
    </ClCompile>
    <ClCompile Include="IEX\IEX_Mesh.cpp">
      <Filter>IEX</Filter>
    </ClCompile>
    <ClCompile Include="IEX\IEX_Particle.cpp">
      <Filter>IEX</Filter>
    </ClCompile>
    <ClCompile Include="IEX\IEX_Polygon.cpp">
      <Filter>IEX</Filter>
    </ClCompile>
    <ClCompile Include="IEX\IEX_RenderState.cpp">
      <Filter>IEX</Filter>
    </ClCompile>
    <ClCompile Include="IEX\IEX_Shader.cpp">
      <Filter>IEX</Filter>
    </ClCompile>
    <ClCompile Include="IEX\IEX_SkinMesh.cpp">
      <Filter>IEX</Filter>
    </ClCompile>
    <ClCompile Include="IEX\IEX_System.cpp">
      <Filter>IEX</Filter>
    </ClCompile>
    <ClCompile Include="IEX\IEX_Texture.cpp">
      <Filter>IEX</Filter>
    </ClCompile>
    <ClCompile Include="IEX\IEX_View.cpp">
      <Filter>IEX</Filter>
    </ClCompile>
    <ClCompile Include="source\sceneMain.cpp">
      <Filter>ソース ファイル\Scene\sceneMain</Filter>
    </ClCompile>
    <ClCompile Include="source\Camera.cpp">
      <Filter>ソース ファイル\Camera</Filter>
    </ClCompile>
    <ClCompile Include="source\Collision.cpp">
      <Filter>ソース ファイル\Collision</Filter>
    </ClCompile>
    <ClCompile Include="source\PlayerManager.cpp">
      <Filter>ソース ファイル\PlayerManager</Filter>
    </ClCompile>
    <ClCompile Include="source\Particle.cpp">
      <Filter>ソース ファイル\Effect</Filter>
    </ClCompile>
    <ClCompile Include="source\sceneTitle.cpp">
      <Filter>ソース ファイル\Scene\sceneTitle</Filter>
    </ClCompile>
    <ClCompile Include="source\Coin.cpp">
      <Filter>ソース ファイル\Coin</Filter>
    </ClCompile>
    <ClCompile Include="source\CoinManager.cpp">
      <Filter>ソース ファイル\CoinManager</Filter>
    </ClCompile>
    <ClCompile Include="source\GlobalFunction.cpp">
      <Filter>ソース ファイル\GlobalFunction</Filter>
    </ClCompile>
    <ClCompile Include="source\Player.cpp">
      <Filter>ソース ファイル\Player\Player</Filter>
    </ClCompile>
    <ClCompile Include="source\sceneResult.cpp">
      <Filter>ソース ファイル\Scene\sceneResult</Filter>
    </ClCompile>
    <ClCompile Include="source\UI.cpp">
      <Filter>ソース ファイル\UI</Filter>
    </ClCompile>
    <ClCompile Include="source\Princess.cpp">
      <Filter>ソース ファイル\Player\Princess</Filter>
    </ClCompile>
    <ClCompile Include="source\GameManager.cpp">
      <Filter>ソース ファイル\GameManager</Filter>
    </ClCompile>
    <ClCompile Include="source\Squirrel.cpp">
      <Filter>ソース ファイル\Player\Squirrel</Filter>
    </ClCompile>
    <ClCompile Include="source\Bullet.cpp">
      <Filter>ソース ファイル\Bullet</Filter>
    </ClCompile>
    <ClCompile Include="source\BulletManager.cpp">
      <Filter>ソース ファイル\BulletManager</Filter>
    </ClCompile>
    <ClCompile Include="source\Knight.cpp">
      <Filter>ソース ファイル\Player\Knight</Filter>
    </ClCompile>
    <ClCompile Include="source\sceneLoad.cpp">
      <Filter>ソース ファイル\Scene\sceneLoad</Filter>
    </ClCompile>
    <ClCompile Include="source\Effect.cpp">
      <Filter>ソース ファイル\Effect</Filter>
    </ClCompile>
    <ClCompile Include="source\Image.cpp">
      <Filter>ソース ファイル\Image</Filter>
    </ClCompile>
    <ClCompile Include="source\Tiger.cpp">
      <Filter>ソース ファイル\Player\Tiger</Filter>
    </ClCompile>
    <ClCompile Include="source\Item.cpp">
      <Filter>ソース ファイル\Item</Filter>
    </ClCompile>
    <ClCompile Include="source\ItemManager.cpp">
      <Filter>ソース ファイル\ItemManager</Filter>
    </ClCompile>
    <ClCompile Include="source\Sound.cpp">
      <Filter>ソース ファイル\Sound</Filter>
    </ClCompile>
    <ClCompile Include="source\Random.cpp">
      <Filter>ソース ファイル\Random</Filter>
    </ClCompile>
  </ItemGroup>
  <ItemGroup>
    <ClInclude Include="source\system\Framework.h">
      <Filter>ヘッダー ファイル</Filter>
    </ClInclude>
    <ClInclude Include="source\system\Scene.h">
      <Filter>ヘッダー ファイル</Filter>
    </ClInclude>
    <ClInclude Include="source\system\System.h">
      <Filter>ヘッダー ファイル</Filter>
    </ClInclude>
    <ClInclude Include="IEX\iextreme.h">
      <Filter>IEX</Filter>
    </ClInclude>
    <ClInclude Include="source\Camera.h">
      <Filter>ソース ファイル\Camera</Filter>
    </ClInclude>
    <ClInclude Include="source\Collision.h">
      <Filter>ソース ファイル\Collision</Filter>
    </ClInclude>
    <ClInclude Include="source\PlayerManager.h">
      <Filter>ソース ファイル\PlayerManager</Filter>
    </ClInclude>
    <ClInclude Include="source\Particle.h">
      <Filter>ソース ファイル\Effect</Filter>
    </ClInclude>
    <ClInclude Include="source\sceneTitle.h">
      <Filter>ソース ファイル\Scene\sceneTitle</Filter>
    </ClInclude>
    <ClInclude Include="source\Coin.h">
      <Filter>ソース ファイル\Coin</Filter>
    </ClInclude>
    <ClInclude Include="source\CoinManager.h">
      <Filter>ソース ファイル\CoinManager</Filter>
    </ClInclude>
    <ClInclude Include="source\sceneMain.h">
      <Filter>ソース ファイル\Scene\sceneMain</Filter>
    </ClInclude>
    <ClInclude Include="source\GlobalFunction.h">
      <Filter>ソース ファイル\GlobalFunction</Filter>
    </ClInclude>
    <ClInclude Include="source\Player.h">
      <Filter>ソース ファイル\Player\Player</Filter>
    </ClInclude>
    <ClInclude Include="source\sceneResult.h">
      <Filter>ソース ファイル\Scene\sceneResult</Filter>
    </ClInclude>
    <ClInclude Include="source\UI.h">
      <Filter>ソース ファイル\UI</Filter>
    </ClInclude>
    <ClInclude Include="source\Princess.h">
      <Filter>ソース ファイル\Player\Princess</Filter>
    </ClInclude>
    <ClInclude Include="source\GameManager.h">
      <Filter>ソース ファイル\GameManager</Filter>
    </ClInclude>
    <ClInclude Include="source\Squirrel.h">
      <Filter>ソース ファイル\Player\Squirrel</Filter>
    </ClInclude>
    <ClInclude Include="source\Bullet.h">
      <Filter>ソース ファイル\Bullet</Filter>
    </ClInclude>
    <ClInclude Include="source\BulletManager.h">
      <Filter>ソース ファイル\BulletManager</Filter>
    </ClInclude>
    <ClInclude Include="source\Knight.h">
      <Filter>ソース ファイル\Player\Knight</Filter>
    </ClInclude>
    <ClInclude Include="source\sceneLoad.h">
      <Filter>ソース ファイル\Scene\sceneLoad</Filter>
    </ClInclude>
    <ClInclude Include="source\Effect.h">
      <Filter>ソース ファイル\Effect</Filter>
    </ClInclude>
    <ClInclude Include="source\Image.h">
      <Filter>ソース ファイル\Image</Filter>
    </ClInclude>
    <ClInclude Include="source\Tiger.h">
      <Filter>ソース ファイル\Player\Tiger</Filter>
    </ClInclude>
    <ClInclude Include="source\Item.h">
      <Filter>ソース ファイル\Item</Filter>
    </ClInclude>
    <ClInclude Include="source\ItemManager.h">
      <Filter>ソース ファイル\ItemManager</Filter>
    </ClInclude>
    <ClInclude Include="source\Sound.h">
      <Filter>ソース ファイル\Sound</Filter>
    </ClInclude>
    <ClInclude Include="source\Random.h">
      <Filter>ソース ファイル\Random</Filter>
    </ClInclude>
  </ItemGroup>
  <ItemGroup>
    <None Include="DATA\Shader\2D.fx">
      <Filter>シェーダー</Filter>
    </None>
  </ItemGroup>
  <ItemGroup>
    <CustomBuild Include="DATA\Shader\3DEx.fx">
      <Filter>シェーダー</Filter>
    </CustomBuild>
  </ItemGroup>
  <ItemGroup>
    <FxCompile Include="DATA\Shader\Differed.fx">
      <Filter>シェーダー</Filter>
    </FxCompile>
    <FxCompile Include="DATA\Shader\Shader2D.fx">
      <Filter>シェーダー</Filter>
    </FxCompile>
    <FxCompile Include="DATA\Shader\Shader3D.fx">
      <Filter>シェーダー</Filter>
    </FxCompile>
    <FxCompile Include="DATA\Shader\shadow.fx">
      <Filter>シェーダー</Filter>
    </FxCompile>
  </ItemGroup>
</Project>